// !$*UTF8*$!
{
	archiveVersion = 1;
	classes = {
	};
	objectVersion = 55;
	objects = {

/* Begin PBXBuildFile section */
		50B05E5E27935DFD006A559F /* MDXApp.swift in Sources */ = {isa = PBXBuildFile; fileRef = 50B05E5D27935DFD006A559F /* MDXApp.swift */; };
		50B05E6027935DFD006A559F /* MDXDocument.swift in Sources */ = {isa = PBXBuildFile; fileRef = 50B05E5F27935DFD006A559F /* MDXDocument.swift */; };
		50B05E6227935DFD006A559F /* ContentView.swift in Sources */ = {isa = PBXBuildFile; fileRef = 50B05E6127935DFD006A559F /* ContentView.swift */; };
		50B05E6427935DFE006A559F /* Assets.xcassets in Resources */ = {isa = PBXBuildFile; fileRef = 50B05E6327935DFE006A559F /* Assets.xcassets */; };
		50B05E6727935DFE006A559F /* Preview Assets.xcassets in Resources */ = {isa = PBXBuildFile; fileRef = 50B05E6627935DFE006A559F /* Preview Assets.xcassets */; };
		50B05E74279374CC006A559F /* MarkdownKit in Frameworks */ = {isa = PBXBuildFile; productRef = 50B05E73279374CC006A559F /* MarkdownKit */; };
		50B05E76279378A4006A559F /* WebView.swift in Sources */ = {isa = PBXBuildFile; fileRef = 50B05E75279378A4006A559F /* WebView.swift */; };
		50B05E7827937C12006A559F /* SettingsView.swift in Sources */ = {isa = PBXBuildFile; fileRef = 50B05E7727937C12006A559F /* SettingsView.swift */; };
		50B05E7A279385C0006A559F /* MenuCommands.swift in Sources */ = {isa = PBXBuildFile; fileRef = 50B05E79279385C0006A559F /* MenuCommands.swift */; };
		50B05E7C279388DC006A559F /* StyleSheets.swift in Sources */ = {isa = PBXBuildFile; fileRef = 50B05E7B279388DC006A559F /* StyleSheets.swift */; };
		50B05E81279389E0006A559F /* modest.css in Resources */ = {isa = PBXBuildFile; fileRef = 50B05E7D279389E0006A559F /* modest.css */; };
		50B05E82279389E0006A559F /* solarizeddark.css in Resources */ = {isa = PBXBuildFile; fileRef = 50B05E7E279389E0006A559F /* solarizeddark.css */; };
		50B05E83279389E0006A559F /* ulysses.css in Resources */ = {isa = PBXBuildFile; fileRef = 50B05E7F279389E0006A559F /* ulysses.css */; };
		50B05E84279389E0006A559F /* github.css in Resources */ = {isa = PBXBuildFile; fileRef = 50B05E80279389E0006A559F /* github.css */; };
		50B05E872794983D006A559F /* ToolbarCommands.swift in Sources */ = {isa = PBXBuildFile; fileRef = 50B05E862794983D006A559F /* ToolbarCommands.swift */; };
		50D9560627990D4E00E88104 /* README.md in Resources */ = {isa = PBXBuildFile; fileRef = 50D9560027990D4E00E88104 /* README.md */; };
		50D9560727990D4E00E88104 /* 2.png in Resources */ = {isa = PBXBuildFile; fileRef = 50D9560227990D4E00E88104 /* 2.png */; };
		50D9560827990D4E00E88104 /* 3.png in Resources */ = {isa = PBXBuildFile; fileRef = 50D9560327990D4E00E88104 /* 3.png */; };
		50D9560927990D4E00E88104 /* 1.png in Resources */ = {isa = PBXBuildFile; fileRef = 50D9560427990D4E00E88104 /* 1.png */; };
		50D9560A27990D4E00E88104 /* 0.png in Resources */ = {isa = PBXBuildFile; fileRef = 50D9560527990D4E00E88104 /* 0.png */; };
/* End PBXBuildFile section */

/* Begin PBXFileReference section */
		50B05E5A27935DFD006A559F /* MDX.app */ = {isa = PBXFileReference; explicitFileType = wrapper.application; includeInIndex = 0; path = MDX.app; sourceTree = BUILT_PRODUCTS_DIR; };
		50B05E5D27935DFD006A559F /* MDXApp.swift */ = {isa = PBXFileReference; lastKnownFileType = sourcecode.swift; path = MDXApp.swift; sourceTree = "<group>"; };
		50B05E5F27935DFD006A559F /* MDXDocument.swift */ = {isa = PBXFileReference; lastKnownFileType = sourcecode.swift; path = MDXDocument.swift; sourceTree = "<group>"; };
		50B05E6127935DFD006A559F /* ContentView.swift */ = {isa = PBXFileReference; lastKnownFileType = sourcecode.swift; path = ContentView.swift; sourceTree = "<group>"; };
		50B05E6327935DFE006A559F /* Assets.xcassets */ = {isa = PBXFileReference; lastKnownFileType = folder.assetcatalog; path = Assets.xcassets; sourceTree = "<group>"; };
		50B05E6627935DFE006A559F /* Preview Assets.xcassets */ = {isa = PBXFileReference; lastKnownFileType = folder.assetcatalog; path = "Preview Assets.xcassets"; sourceTree = "<group>"; };
		50B05E6827935DFE006A559F /* Info.plist */ = {isa = PBXFileReference; lastKnownFileType = text.plist.xml; path = Info.plist; sourceTree = "<group>"; };
		50B05E6927935DFE006A559F /* MDX.entitlements */ = {isa = PBXFileReference; lastKnownFileType = text.plist.entitlements; path = MDX.entitlements; sourceTree = "<group>"; };
		50B05E75279378A4006A559F /* WebView.swift */ = {isa = PBXFileReference; lastKnownFileType = sourcecode.swift; path = WebView.swift; sourceTree = "<group>"; };
		50B05E7727937C12006A559F /* SettingsView.swift */ = {isa = PBXFileReference; lastKnownFileType = sourcecode.swift; path = SettingsView.swift; sourceTree = "<group>"; };
		50B05E79279385C0006A559F /* MenuCommands.swift */ = {isa = PBXFileReference; lastKnownFileType = sourcecode.swift; path = MenuCommands.swift; sourceTree = "<group>"; };
		50B05E7B279388DC006A559F /* StyleSheets.swift */ = {isa = PBXFileReference; lastKnownFileType = sourcecode.swift; path = StyleSheets.swift; sourceTree = "<group>"; };
		50B05E7D279389E0006A559F /* modest.css */ = {isa = PBXFileReference; fileEncoding = 4; lastKnownFileType = text.css; path = modest.css; sourceTree = "<group>"; };
		50B05E7E279389E0006A559F /* solarizeddark.css */ = {isa = PBXFileReference; fileEncoding = 4; lastKnownFileType = text.css; path = solarizeddark.css; sourceTree = "<group>"; };
		50B05E7F279389E0006A559F /* ulysses.css */ = {isa = PBXFileReference; fileEncoding = 4; lastKnownFileType = text.css; path = ulysses.css; sourceTree = "<group>"; };
		50B05E80279389E0006A559F /* github.css */ = {isa = PBXFileReference; fileEncoding = 4; lastKnownFileType = text.css; path = github.css; sourceTree = "<group>"; };
		50B05E862794983D006A559F /* ToolbarCommands.swift */ = {isa = PBXFileReference; lastKnownFileType = sourcecode.swift; path = ToolbarCommands.swift; sourceTree = "<group>"; };
		50D9560027990D4E00E88104 /* README.md */ = {isa = PBXFileReference; fileEncoding = 4; lastKnownFileType = net.daringfireball.markdown; path = README.md; sourceTree = "<group>"; };
		50D9560227990D4E00E88104 /* 2.png */ = {isa = PBXFileReference; lastKnownFileType = image.png; path = 2.png; sourceTree = "<group>"; };
		50D9560327990D4E00E88104 /* 3.png */ = {isa = PBXFileReference; lastKnownFileType = image.png; path = 3.png; sourceTree = "<group>"; };
		50D9560427990D4E00E88104 /* 1.png */ = {isa = PBXFileReference; lastKnownFileType = image.png; path = 1.png; sourceTree = "<group>"; };
		50D9560527990D4E00E88104 /* 0.png */ = {isa = PBXFileReference; lastKnownFileType = image.png; path = 0.png; sourceTree = "<group>"; };
/* End PBXFileReference section */

/* Begin PBXFrameworksBuildPhase section */
		50B05E5727935DFD006A559F /* Frameworks */ = {
			isa = PBXFrameworksBuildPhase;
			buildActionMask = 2147483647;
			files = (
				50B05E74279374CC006A559F /* MarkdownKit in Frameworks */,
			);
			runOnlyForDeploymentPostprocessing = 0;
		};
/* End PBXFrameworksBuildPhase section */

/* Begin PBXGroup section */
		50B05E5127935DFD006A559F = {
			isa = PBXGroup;
			children = (
				50D9560127990D4E00E88104 /* images */,
				50D9560027990D4E00E88104 /* README.md */,
				50B05E5C27935DFD006A559F /* MDX */,
				50B05E5B27935DFD006A559F /* Products */,
			);
			sourceTree = "<group>";
		};
		50B05E5B27935DFD006A559F /* Products */ = {
			isa = PBXGroup;
			children = (
				50B05E5A27935DFD006A559F /* MDX.app */,
			);
			name = Products;
			sourceTree = "<group>";
		};
		50B05E5C27935DFD006A559F /* MDX */ = {
			isa = PBXGroup;
			children = (
				50B05E5D27935DFD006A559F /* MDXApp.swift */,
				50B05E5F27935DFD006A559F /* MDXDocument.swift */,
				50B05E6127935DFD006A559F /* ContentView.swift */,
				50B05E7727937C12006A559F /* SettingsView.swift */,
				50B05E75279378A4006A559F /* WebView.swift */,
				50B05E79279385C0006A559F /* MenuCommands.swift */,
				50B05E862794983D006A559F /* ToolbarCommands.swift */,
				50B05E7B279388DC006A559F /* StyleSheets.swift */,
				50B05E6327935DFE006A559F /* Assets.xcassets */,
				50B05E6827935DFE006A559F /* Info.plist */,
				50B05E6927935DFE006A559F /* MDX.entitlements */,
				50B05E85279389E5006A559F /* StyleSheets */,
				50B05E6527935DFE006A559F /* Preview Content */,
			);
			path = MDX;
			sourceTree = "<group>";
		};
		50B05E6527935DFE006A559F /* Preview Content */ = {
			isa = PBXGroup;
			children = (
				50B05E6627935DFE006A559F /* Preview Assets.xcassets */,
			);
			path = "Preview Content";
			sourceTree = "<group>";
		};
		50B05E85279389E5006A559F /* StyleSheets */ = {
			isa = PBXGroup;
			children = (
				50B05E80279389E0006A559F /* github.css */,
				50B05E7D279389E0006A559F /* modest.css */,
				50B05E7E279389E0006A559F /* solarizeddark.css */,
				50B05E7F279389E0006A559F /* ulysses.css */,
			);
			path = StyleSheets;
			sourceTree = "<group>";
		};
		50D9560127990D4E00E88104 /* images */ = {
			isa = PBXGroup;
			children = (
				50D9560227990D4E00E88104 /* 2.png */,
				50D9560327990D4E00E88104 /* 3.png */,
				50D9560427990D4E00E88104 /* 1.png */,
				50D9560527990D4E00E88104 /* 0.png */,
			);
			path = images;
			sourceTree = "<group>";
		};
/* End PBXGroup section */

/* Begin PBXNativeTarget section */
		50B05E5927935DFD006A559F /* MDX */ = {
			isa = PBXNativeTarget;
			buildConfigurationList = 50B05E6C27935DFE006A559F /* Build configuration list for PBXNativeTarget "MDX" */;
			buildPhases = (
				50B05E5627935DFD006A559F /* Sources */,
				50B05E5727935DFD006A559F /* Frameworks */,
				50B05E5827935DFD006A559F /* Resources */,
			);
			buildRules = (
			);
			dependencies = (
			);
			name = MDX;
			packageProductDependencies = (
				50B05E73279374CC006A559F /* MarkdownKit */,
			);
			productName = MDX;
			productReference = 50B05E5A27935DFD006A559F /* MDX.app */;
			productType = "com.apple.product-type.application";
		};
/* End PBXNativeTarget section */

/* Begin PBXProject section */
		50B05E5227935DFD006A559F /* Project object */ = {
			isa = PBXProject;
			attributes = {
				BuildIndependentTargetsInParallel = 1;
				LastSwiftUpdateCheck = 1320;
				LastUpgradeCheck = 1320;
				TargetAttributes = {
					50B05E5927935DFD006A559F = {
						CreatedOnToolsVersion = 13.2.1;
					};
				};
			};
			buildConfigurationList = 50B05E5527935DFD006A559F /* Build configuration list for PBXProject "MDX" */;
			compatibilityVersion = "Xcode 13.0";
			developmentRegion = en;
			hasScannedForEncodings = 0;
			knownRegions = (
				en,
				Base,
			);
			mainGroup = 50B05E5127935DFD006A559F;
			packageReferences = (
				50B05E72279374CC006A559F /* XCRemoteSwiftPackageReference "swift-markdownkit" */,
			);
			productRefGroup = 50B05E5B27935DFD006A559F /* Products */;
			projectDirPath = "";
			projectRoot = "";
			targets = (
				50B05E5927935DFD006A559F /* MDX */,
			);
		};
/* End PBXProject section */

/* Begin PBXResourcesBuildPhase section */
		50B05E5827935DFD006A559F /* Resources */ = {
			isa = PBXResourcesBuildPhase;
			buildActionMask = 2147483647;
			files = (
				50D9560A27990D4E00E88104 /* 0.png in Resources */,
				50B05E84279389E0006A559F /* github.css in Resources */,
				50B05E83279389E0006A559F /* ulysses.css in Resources */,
				50D9560727990D4E00E88104 /* 2.png in Resources */,
				50D9560827990D4E00E88104 /* 3.png in Resources */,
				50B05E6727935DFE006A559F /* Preview Assets.xcassets in Resources */,
				50D9560627990D4E00E88104 /* README.md in Resources */,
				50B05E81279389E0006A559F /* modest.css in Resources */,
				50B05E6427935DFE006A559F /* Assets.xcassets in Resources */,
				50B05E82279389E0006A559F /* solarizeddark.css in Resources */,
				50D9560927990D4E00E88104 /* 1.png in Resources */,
			);
			runOnlyForDeploymentPostprocessing = 0;
		};
/* End PBXResourcesBuildPhase section */

/* Begin PBXSourcesBuildPhase section */
		50B05E5627935DFD006A559F /* Sources */ = {
			isa = PBXSourcesBuildPhase;
			buildActionMask = 2147483647;
			files = (
				50B05E7827937C12006A559F /* SettingsView.swift in Sources */,
				50B05E7C279388DC006A559F /* StyleSheets.swift in Sources */,
				50B05E6027935DFD006A559F /* MDXDocument.swift in Sources */,
				50B05E7A279385C0006A559F /* MenuCommands.swift in Sources */,
				50B05E76279378A4006A559F /* WebView.swift in Sources */,
				50B05E872794983D006A559F /* ToolbarCommands.swift in Sources */,
				50B05E5E27935DFD006A559F /* MDXApp.swift in Sources */,
				50B05E6227935DFD006A559F /* ContentView.swift in Sources */,
			);
			runOnlyForDeploymentPostprocessing = 0;
		};
/* End PBXSourcesBuildPhase section */

/* Begin XCBuildConfiguration section */
		50B05E6A27935DFE006A559F /* Debug */ = {
			isa = XCBuildConfiguration;
			buildSettings = {
				ALWAYS_SEARCH_USER_PATHS = NO;
				CLANG_ANALYZER_NONNULL = YES;
				CLANG_ANALYZER_NUMBER_OBJECT_CONVERSION = YES_AGGRESSIVE;
				CLANG_CXX_LANGUAGE_STANDARD = "gnu++17";
				CLANG_CXX_LIBRARY = "libc++";
				CLANG_ENABLE_MODULES = YES;
				CLANG_ENABLE_OBJC_ARC = YES;
				CLANG_ENABLE_OBJC_WEAK = YES;
				CLANG_WARN_BLOCK_CAPTURE_AUTORELEASING = YES;
				CLANG_WARN_BOOL_CONVERSION = YES;
				CLANG_WARN_COMMA = YES;
				CLANG_WARN_CONSTANT_CONVERSION = YES;
				CLANG_WARN_DEPRECATED_OBJC_IMPLEMENTATIONS = YES;
				CLANG_WARN_DIRECT_OBJC_ISA_USAGE = YES_ERROR;
				CLANG_WARN_DOCUMENTATION_COMMENTS = YES;
				CLANG_WARN_EMPTY_BODY = YES;
				CLANG_WARN_ENUM_CONVERSION = YES;
				CLANG_WARN_INFINITE_RECURSION = YES;
				CLANG_WARN_INT_CONVERSION = YES;
				CLANG_WARN_NON_LITERAL_NULL_CONVERSION = YES;
				CLANG_WARN_OBJC_IMPLICIT_RETAIN_SELF = YES;
				CLANG_WARN_OBJC_LITERAL_CONVERSION = YES;
				CLANG_WARN_OBJC_ROOT_CLASS = YES_ERROR;
				CLANG_WARN_QUOTED_INCLUDE_IN_FRAMEWORK_HEADER = YES;
				CLANG_WARN_RANGE_LOOP_ANALYSIS = YES;
				CLANG_WARN_STRICT_PROTOTYPES = YES;
				CLANG_WARN_SUSPICIOUS_MOVE = YES;
				CLANG_WARN_UNGUARDED_AVAILABILITY = YES_AGGRESSIVE;
				CLANG_WARN_UNREACHABLE_CODE = YES;
				CLANG_WARN__DUPLICATE_METHOD_MATCH = YES;
				COPY_PHASE_STRIP = NO;
				DEBUG_INFORMATION_FORMAT = dwarf;
				ENABLE_STRICT_OBJC_MSGSEND = YES;
				ENABLE_TESTABILITY = YES;
				GCC_C_LANGUAGE_STANDARD = gnu11;
				GCC_DYNAMIC_NO_PIC = NO;
				GCC_NO_COMMON_BLOCKS = YES;
				GCC_OPTIMIZATION_LEVEL = 0;
				GCC_PREPROCESSOR_DEFINITIONS = (
					"DEBUG=1",
					"$(inherited)",
				);
				GCC_WARN_64_TO_32_BIT_CONVERSION = YES;
				GCC_WARN_ABOUT_RETURN_TYPE = YES_ERROR;
				GCC_WARN_UNDECLARED_SELECTOR = YES;
				GCC_WARN_UNINITIALIZED_AUTOS = YES_AGGRESSIVE;
				GCC_WARN_UNUSED_FUNCTION = YES;
				GCC_WARN_UNUSED_VARIABLE = YES;
				MACOSX_DEPLOYMENT_TARGET = 12.1;
				MTL_ENABLE_DEBUG_INFO = INCLUDE_SOURCE;
				MTL_FAST_MATH = YES;
				ONLY_ACTIVE_ARCH = YES;
				SDKROOT = macosx;
				SWIFT_ACTIVE_COMPILATION_CONDITIONS = DEBUG;
				SWIFT_OPTIMIZATION_LEVEL = "-Onone";
			};
			name = Debug;
		};
		50B05E6B27935DFE006A559F /* Release */ = {
			isa = XCBuildConfiguration;
			buildSettings = {
				ALWAYS_SEARCH_USER_PATHS = NO;
				CLANG_ANALYZER_NONNULL = YES;
				CLANG_ANALYZER_NUMBER_OBJECT_CONVERSION = YES_AGGRESSIVE;
				CLANG_CXX_LANGUAGE_STANDARD = "gnu++17";
				CLANG_CXX_LIBRARY = "libc++";
				CLANG_ENABLE_MODULES = YES;
				CLANG_ENABLE_OBJC_ARC = YES;
				CLANG_ENABLE_OBJC_WEAK = YES;
				CLANG_WARN_BLOCK_CAPTURE_AUTORELEASING = YES;
				CLANG_WARN_BOOL_CONVERSION = YES;
				CLANG_WARN_COMMA = YES;
				CLANG_WARN_CONSTANT_CONVERSION = YES;
				CLANG_WARN_DEPRECATED_OBJC_IMPLEMENTATIONS = YES;
				CLANG_WARN_DIRECT_OBJC_ISA_USAGE = YES_ERROR;
				CLANG_WARN_DOCUMENTATION_COMMENTS = YES;
				CLANG_WARN_EMPTY_BODY = YES;
				CLANG_WARN_ENUM_CONVERSION = YES;
				CLANG_WARN_INFINITE_RECURSION = YES;
				CLANG_WARN_INT_CONVERSION = YES;
				CLANG_WARN_NON_LITERAL_NULL_CONVERSION = YES;
				CLANG_WARN_OBJC_IMPLICIT_RETAIN_SELF = YES;
				CLANG_WARN_OBJC_LITERAL_CONVERSION = YES;
				CLANG_WARN_OBJC_ROOT_CLASS = YES_ERROR;
				CLANG_WARN_QUOTED_INCLUDE_IN_FRAMEWORK_HEADER = YES;
				CLANG_WARN_RANGE_LOOP_ANALYSIS = YES;
				CLANG_WARN_STRICT_PROTOTYPES = YES;
				CLANG_WARN_SUSPICIOUS_MOVE = YES;
				CLANG_WARN_UNGUARDED_AVAILABILITY = YES_AGGRESSIVE;
				CLANG_WARN_UNREACHABLE_CODE = YES;
				CLANG_WARN__DUPLICATE_METHOD_MATCH = YES;
				COPY_PHASE_STRIP = NO;
				DEBUG_INFORMATION_FORMAT = "dwarf-with-dsym";
				ENABLE_NS_ASSERTIONS = NO;
				ENABLE_STRICT_OBJC_MSGSEND = YES;
				GCC_C_LANGUAGE_STANDARD = gnu11;
				GCC_NO_COMMON_BLOCKS = YES;
				GCC_WARN_64_TO_32_BIT_CONVERSION = YES;
				GCC_WARN_ABOUT_RETURN_TYPE = YES_ERROR;
				GCC_WARN_UNDECLARED_SELECTOR = YES;
				GCC_WARN_UNINITIALIZED_AUTOS = YES_AGGRESSIVE;
				GCC_WARN_UNUSED_FUNCTION = YES;
				GCC_WARN_UNUSED_VARIABLE = YES;
				MACOSX_DEPLOYMENT_TARGET = 12.1;
				MTL_ENABLE_DEBUG_INFO = NO;
				MTL_FAST_MATH = YES;
				SDKROOT = macosx;
				SWIFT_COMPILATION_MODE = wholemodule;
				SWIFT_OPTIMIZATION_LEVEL = "-O";
			};
			name = Release;
		};
		50B05E6D27935DFE006A559F /* Debug */ = {
			isa = XCBuildConfiguration;
			buildSettings = {
				ASSETCATALOG_COMPILER_APPICON_NAME = AppIcon;
				ASSETCATALOG_COMPILER_GLOBAL_ACCENT_COLOR_NAME = AccentColor;
				CODE_SIGN_ENTITLEMENTS = MDX/MDX.entitlements;
				CODE_SIGN_STYLE = Automatic;
				COMBINE_HIDPI_IMAGES = YES;
				CURRENT_PROJECT_VERSION = 1;
				DEVELOPMENT_ASSET_PATHS = "\"MDX/Preview Content\"";
				DEVELOPMENT_TEAM = XDPTRV2722;
				ENABLE_HARDENED_RUNTIME = YES;
				ENABLE_PREVIEWS = YES;
				GENERATE_INFOPLIST_FILE = YES;
				INFOPLIST_FILE = MDX/Info.plist;
				INFOPLIST_KEY_NSHumanReadableCopyright = "";
				LD_RUNPATH_SEARCH_PATHS = (
					"$(inherited)",
					"@executable_path/../Frameworks",
				);
				MARKETING_VERSION = 1.0;
				PRODUCT_BUNDLE_IDENTIFIER = "";
				PRODUCT_NAME = "$(TARGET_NAME)";
				SWIFT_EMIT_LOC_STRINGS = YES;
				SWIFT_VERSION = 5.0;
			};
			name = Debug;
		};
		50B05E6E27935DFE006A559F /* Release */ = {
			isa = XCBuildConfiguration;
			buildSettings = {
				ASSETCATALOG_COMPILER_APPICON_NAME = AppIcon;
				ASSETCATALOG_COMPILER_GLOBAL_ACCENT_COLOR_NAME = AccentColor;
				CODE_SIGN_ENTITLEMENTS = MDX/MDX.entitlements;
				CODE_SIGN_STYLE = Automatic;
				COMBINE_HIDPI_IMAGES = YES;
				CURRENT_PROJECT_VERSION = 1;
				DEVELOPMENT_ASSET_PATHS = "\"MDX/Preview Content\"";
				DEVELOPMENT_TEAM = XDPTRV2722;
				ENABLE_HARDENED_RUNTIME = YES;
				ENABLE_PREVIEWS = YES;
				GENERATE_INFOPLIST_FILE = YES;
				INFOPLIST_FILE = MDX/Info.plist;
				INFOPLIST_KEY_NSHumanReadableCopyright = "";
				LD_RUNPATH_SEARCH_PATHS = (
					"$(inherited)",
					"@executable_path/../Frameworks",
				);
				MARKETING_VERSION = 1.0;
				PRODUCT_BUNDLE_IDENTIFIER = "";
				PRODUCT_NAME = "$(TARGET_NAME)";
				SWIFT_EMIT_LOC_STRINGS = YES;
				SWIFT_VERSION = 5.0;
			};
			name = Release;
		};
/* End XCBuildConfiguration section */

/* Begin XCConfigurationList section */
		50B05E5527935DFD006A559F /* Build configuration list for PBXProject "MDX" */ = {
			isa = XCConfigurationList;
			buildConfigurations = (
				50B05E6A27935DFE006A559F /* Debug */,
				50B05E6B27935DFE006A559F /* Release */,
			);
			defaultConfigurationIsVisible = 0;
			defaultConfigurationName = Release;
		};
		50B05E6C27935DFE006A559F /* Build configuration list for PBXNativeTarget "MDX" */ = {
			isa = XCConfigurationList;
			buildConfigurations = (
				50B05E6D27935DFE006A559F /* Debug */,
				50B05E6E27935DFE006A559F /* Release */,
			);
			defaultConfigurationIsVisible = 0;
			defaultConfigurationName = Release;
		};
/* End XCConfigurationList section */

/* Begin XCRemoteSwiftPackageReference section */
		50B05E72279374CC006A559F /* XCRemoteSwiftPackageReference "swift-markdownkit" */ = {
			isa = XCRemoteSwiftPackageReference;
			repositoryURL = "https://github.com/objecthub/swift-markdownkit";
			requirement = {
				branch = master;
				kind = branch;
			};
		};
/* End XCRemoteSwiftPackageReference section */

/* Begin XCSwiftPackageProductDependency section */
		50B05E73279374CC006A559F /* MarkdownKit */ = {
			isa = XCSwiftPackageProductDependency;
			package = 50B05E72279374CC006A559F /* XCRemoteSwiftPackageReference "swift-markdownkit" */;
			productName = MarkdownKit;
		};
/* End XCSwiftPackageProductDependency section */
	};
	rootObject = 50B05E5227935DFD006A559F /* Project object */;
}
